// !$*UTF8*$!
{
	archiveVersion = 1;
	classes = {
	};
	objectVersion = 50;
	objects = {

/* Begin PBXBuildFile section */
		1363510223F0C1B0004C6291 /* MapKit.framework in Frameworks */ = {isa = PBXBuildFile; fileRef = 1363510123F0C1B0004C6291 /* MapKit.framework */; };
		1363510423F0C32D004C6291 /* MapViewController.swift in Sources */ = {isa = PBXBuildFile; fileRef = 1363510323F0C32D004C6291 /* MapViewController.swift */; };
		1363510623F100BD004C6291 /* Place.swift in Sources */ = {isa = PBXBuildFile; fileRef = 1363510523F100BD004C6291 /* Place.swift */; };
		1363510823F1019E004C6291 /* PlaceMarkerView.swift in Sources */ = {isa = PBXBuildFile; fileRef = 1363510723F1019E004C6291 /* PlaceMarkerView.swift */; };
		1363510C23F105F2004C6291 /* DataManager.swift in Sources */ = {isa = PBXBuildFile; fileRef = 1363510B23F105F2004C6291 /* DataManager.swift */; };
		1363511023F137E9004C6291 /* Data.plist in Resources */ = {isa = PBXBuildFile; fileRef = 1363510F23F137E9004C6291 /* Data.plist */; };
		1363511623F1C5DA004C6291 /* FavoritesViewController.swift in Sources */ = {isa = PBXBuildFile; fileRef = 1363511523F1C5DA004C6291 /* FavoritesViewController.swift */; };
		1363511823F1C734004C6291 /* FavoritesTableViewCell.swift in Sources */ = {isa = PBXBuildFile; fileRef = 1363511723F1C734004C6291 /* FavoritesTableViewCell.swift */; };
		1363511A23F21682004C6291 /* PlacesFavoritesDelegate.swift in Sources */ = {isa = PBXBuildFile; fileRef = 1363511923F21682004C6291 /* PlacesFavoritesDelegate.swift */; };
		13E93CE123EDF9E500A2081F /* AppDelegate.swift in Sources */ = {isa = PBXBuildFile; fileRef = 13E93CE023EDF9E500A2081F /* AppDelegate.swift */; };
		13E93CE323EDF9E500A2081F /* SceneDelegate.swift in Sources */ = {isa = PBXBuildFile; fileRef = 13E93CE223EDF9E500A2081F /* SceneDelegate.swift */; };
		13E93CE823EDF9E500A2081F /* Main.storyboard in Resources */ = {isa = PBXBuildFile; fileRef = 13E93CE623EDF9E500A2081F /* Main.storyboard */; };
		13E93CEA23EDF9E800A2081F /* Assets.xcassets in Resources */ = {isa = PBXBuildFile; fileRef = 13E93CE923EDF9E800A2081F /* Assets.xcassets */; };
		13E93CED23EDF9E800A2081F /* LaunchScreen.storyboard in Resources */ = {isa = PBXBuildFile; fileRef = 13E93CEB23EDF9E800A2081F /* LaunchScreen.storyboard */; };
/* End PBXBuildFile section */

/* Begin PBXFileReference section */
		1363510123F0C1B0004C6291 /* MapKit.framework */ = {isa = PBXFileReference; lastKnownFileType = wrapper.framework; name = MapKit.framework; path = System/Library/Frameworks/MapKit.framework; sourceTree = SDKROOT; };
		1363510323F0C32D004C6291 /* MapViewController.swift */ = {isa = PBXFileReference; lastKnownFileType = sourcecode.swift; path = MapViewController.swift; sourceTree = "<group>"; };
		1363510523F100BD004C6291 /* Place.swift */ = {isa = PBXFileReference; lastKnownFileType = sourcecode.swift; path = Place.swift; sourceTree = "<group>"; };
		1363510723F1019E004C6291 /* PlaceMarkerView.swift */ = {isa = PBXFileReference; lastKnownFileType = sourcecode.swift; path = PlaceMarkerView.swift; sourceTree = "<group>"; };
		1363510B23F105F2004C6291 /* DataManager.swift */ = {isa = PBXFileReference; lastKnownFileType = sourcecode.swift; path = DataManager.swift; sourceTree = "<group>"; };
		1363510F23F137E9004C6291 /* Data.plist */ = {isa = PBXFileReference; fileEncoding = 4; lastKnownFileType = text.plist.xml; path = Data.plist; sourceTree = "<group>"; };
		1363511523F1C5DA004C6291 /* FavoritesViewController.swift */ = {isa = PBXFileReference; lastKnownFileType = sourcecode.swift; path = FavoritesViewController.swift; sourceTree = "<group>"; };
		1363511723F1C734004C6291 /* FavoritesTableViewCell.swift */ = {isa = PBXFileReference; lastKnownFileType = sourcecode.swift; path = FavoritesTableViewCell.swift; sourceTree = "<group>"; };
		1363511923F21682004C6291 /* PlacesFavoritesDelegate.swift */ = {isa = PBXFileReference; lastKnownFileType = sourcecode.swift; path = PlacesFavoritesDelegate.swift; sourceTree = "<group>"; };
		13E93CDD23EDF9E500A2081F /* Project5.app */ = {isa = PBXFileReference; explicitFileType = wrapper.application; includeInIndex = 0; path = Project5.app; sourceTree = BUILT_PRODUCTS_DIR; };
		13E93CE023EDF9E500A2081F /* AppDelegate.swift */ = {isa = PBXFileReference; lastKnownFileType = sourcecode.swift; path = AppDelegate.swift; sourceTree = "<group>"; };
		13E93CE223EDF9E500A2081F /* SceneDelegate.swift */ = {isa = PBXFileReference; lastKnownFileType = sourcecode.swift; path = SceneDelegate.swift; sourceTree = "<group>"; };
		13E93CE723EDF9E500A2081F /* Base */ = {isa = PBXFileReference; lastKnownFileType = file.storyboard; name = Base; path = Base.lproj/Main.storyboard; sourceTree = "<group>"; };
		13E93CE923EDF9E800A2081F /* Assets.xcassets */ = {isa = PBXFileReference; lastKnownFileType = folder.assetcatalog; path = Assets.xcassets; sourceTree = "<group>"; };
		13E93CEC23EDF9E800A2081F /* Base */ = {isa = PBXFileReference; lastKnownFileType = file.storyboard; name = Base; path = Base.lproj/LaunchScreen.storyboard; sourceTree = "<group>"; };
		13E93CEE23EDF9E800A2081F /* Info.plist */ = {isa = PBXFileReference; lastKnownFileType = text.plist.xml; path = Info.plist; sourceTree = "<group>"; };
/* End PBXFileReference section */

/* Begin PBXFrameworksBuildPhase section */
		13E93CDA23EDF9E500A2081F /* Frameworks */ = {
			isa = PBXFrameworksBuildPhase;
			buildActionMask = 2147483647;
			files = (
				1363510223F0C1B0004C6291 /* MapKit.framework in Frameworks */,
			);
			runOnlyForDeploymentPostprocessing = 0;
		};
/* End PBXFrameworksBuildPhase section */

/* Begin PBXGroup section */
		1363510023F0C1B0004C6291 /* Frameworks */ = {
			isa = PBXGroup;
			children = (
				1363510123F0C1B0004C6291 /* MapKit.framework */,
			);
			name = Frameworks;
			sourceTree = "<group>";
		};
		13E93CD423EDF9E500A2081F = {
			isa = PBXGroup;
			children = (
				13E93CDF23EDF9E500A2081F /* Project5 */,
				13E93CDE23EDF9E500A2081F /* Products */,
				1363510023F0C1B0004C6291 /* Frameworks */,
			);
			sourceTree = "<group>";
		};
		13E93CDE23EDF9E500A2081F /* Products */ = {
			isa = PBXGroup;
			children = (
				13E93CDD23EDF9E500A2081F /* Project5.app */,
			);
			name = Products;
			sourceTree = "<group>";
		};
		13E93CDF23EDF9E500A2081F /* Project5 */ = {
			isa = PBXGroup;
			children = (
				13E93CE023EDF9E500A2081F /* AppDelegate.swift */,
				13E93CE223EDF9E500A2081F /* SceneDelegate.swift */,
				1363510323F0C32D004C6291 /* MapViewController.swift */,
				1363511523F1C5DA004C6291 /* FavoritesViewController.swift */,
				1363511723F1C734004C6291 /* FavoritesTableViewCell.swift */,
				1363510523F100BD004C6291 /* Place.swift */,
				1363510723F1019E004C6291 /* PlaceMarkerView.swift */,
				13E93CE623EDF9E500A2081F /* Main.storyboard */,
				1363510B23F105F2004C6291 /* DataManager.swift */,
				1363511923F21682004C6291 /* PlacesFavoritesDelegate.swift */,
				13E93CE923EDF9E800A2081F /* Assets.xcassets */,
				13E93CEB23EDF9E800A2081F /* LaunchScreen.storyboard */,
				1363510F23F137E9004C6291 /* Data.plist */,
				13E93CEE23EDF9E800A2081F /* Info.plist */,
			);
			path = Project5;
			sourceTree = "<group>";
		};
/* End PBXGroup section */

/* Begin PBXNativeTarget section */
		13E93CDC23EDF9E500A2081F /* Project5 */ = {
			isa = PBXNativeTarget;
			buildConfigurationList = 13E93CF123EDF9E800A2081F /* Build configuration list for PBXNativeTarget "Project5" */;
			buildPhases = (
				13E93CD923EDF9E500A2081F /* Sources */,
				13E93CDA23EDF9E500A2081F /* Frameworks */,
				13E93CDB23EDF9E500A2081F /* Resources */,
			);
			buildRules = (
			);
			dependencies = (
			);
			name = Project5;
			productName = Project5;
			productReference = 13E93CDD23EDF9E500A2081F /* Project5.app */;
			productType = "com.apple.product-type.application";
		};
/* End PBXNativeTarget section */

/* Begin PBXProject section */
		13E93CD523EDF9E500A2081F /* Project object */ = {
			isa = PBXProject;
			attributes = {
				LastSwiftUpdateCheck = 1130;
				LastUpgradeCheck = 1130;
				ORGANIZATIONNAME = "Yangjun Bie";
				TargetAttributes = {
					13E93CDC23EDF9E500A2081F = {
						CreatedOnToolsVersion = 11.3.1;
					};
				};
			};
			buildConfigurationList = 13E93CD823EDF9E500A2081F /* Build configuration list for PBXProject "Project5" */;
			compatibilityVersion = "Xcode 9.3";
			developmentRegion = en;
			hasScannedForEncodings = 0;
			knownRegions = (
				en,
				Base,
			);
			mainGroup = 13E93CD423EDF9E500A2081F;
			productRefGroup = 13E93CDE23EDF9E500A2081F /* Products */;
			projectDirPath = "";
			projectRoot = "";
			targets = (
				13E93CDC23EDF9E500A2081F /* Project5 */,
			);
		};
/* End PBXProject section */

/* Begin PBXResourcesBuildPhase section */
		13E93CDB23EDF9E500A2081F /* Resources */ = {
			isa = PBXResourcesBuildPhase;
			buildActionMask = 2147483647;
			files = (
				13E93CED23EDF9E800A2081F /* LaunchScreen.storyboard in Resources */,
				13E93CEA23EDF9E800A2081F /* Assets.xcassets in Resources */,
				1363511023F137E9004C6291 /* Data.plist in Resources */,
				13E93CE823EDF9E500A2081F /* Main.storyboard in Resources */,
			);
			runOnlyForDeploymentPostprocessing = 0;
		};
/* End PBXResourcesBuildPhase section */

/* Begin PBXSourcesBuildPhase section */
		13E93CD923EDF9E500A2081F /* Sources */ = {
			isa = PBXSourcesBuildPhase;
			buildActionMask = 2147483647;
			files = (
				13E93CE123EDF9E500A2081F /* AppDelegate.swift in Sources */,
				1363511A23F21682004C6291 /* PlacesFavoritesDelegate.swift in Sources */,
				1363510C23F105F2004C6291 /* DataManager.swift in Sources */,
				1363511623F1C5DA004C6291 /* FavoritesViewController.swift in Sources */,
				13E93CE323EDF9E500A2081F /* SceneDelegate.swift in Sources */,
				1363510823F1019E004C6291 /* PlaceMarkerView.swift in Sources */,
				1363511823F1C734004C6291 /* FavoritesTableViewCell.swift in Sources */,
				1363510423F0C32D004C6291 /* MapViewController.swift in Sources */,
				1363510623F100BD004C6291 /* Place.swift in Sources */,
			);
			runOnlyForDeploymentPostprocessing = 0;
		};
/* End PBXSourcesBuildPhase section */

/* Begin PBXVariantGroup section */
		13E93CE623EDF9E500A2081F /* Main.storyboard */ = {
			isa = PBXVariantGroup;
			children = (
				13E93CE723EDF9E500A2081F /* Base */,
			);
			name = Main.storyboard;
			sourceTree = "<group>";
		};
		13E93CEB23EDF9E800A2081F /* LaunchScreen.storyboard */ = {
			isa = PBXVariantGroup;
			children = (
				13E93CEC23EDF9E800A2081F /* Base */,
			);
			name = LaunchScreen.storyboard;
			sourceTree = "<group>";
		};
/* End PBXVariantGroup section */

/* Begin XCBuildConfiguration section */
		13E93CEF23EDF9E800A2081F /* Debug */ = {
			isa = XCBuildConfiguration;
			buildSettings = {
				ALWAYS_SEARCH_USER_PATHS = NO;
				CLANG_ANALYZER_NONNULL = YES;
				CLANG_ANALYZER_NUMBER_OBJECT_CONVERSION = YES_AGGRESSIVE;
				CLANG_CXX_LANGUAGE_STANDARD = "gnu++14";
				CLANG_CXX_LIBRARY = "libc++";
				CLANG_ENABLE_MODULES = YES;
				CLANG_ENABLE_OBJC_ARC = YES;
				CLANG_ENABLE_OBJC_WEAK = YES;
				CLANG_WARN_BLOCK_CAPTURE_AUTORELEASING = YES;
				CLANG_WARN_BOOL_CONVERSION = YES;
				CLANG_WARN_COMMA = YES;
				CLANG_WARN_CONSTANT_CONVERSION = YES;
				CLANG_WARN_DEPRECATED_OBJC_IMPLEMENTATIONS = YES;
				CLANG_WARN_DIRECT_OBJC_ISA_USAGE = YES_ERROR;
				CLANG_WARN_DOCUMENTATION_COMMENTS = YES;
				CLANG_WARN_EMPTY_BODY = YES;
				CLANG_WARN_ENUM_CONVERSION = YES;
				CLANG_WARN_INFINITE_RECURSION = YES;
				CLANG_WARN_INT_CONVERSION = YES;
				CLANG_WARN_NON_LITERAL_NULL_CONVERSION = YES;
				CLANG_WARN_OBJC_IMPLICIT_RETAIN_SELF = YES;
				CLANG_WARN_OBJC_LITERAL_CONVERSION = YES;
				CLANG_WARN_OBJC_ROOT_CLASS = YES_ERROR;
				CLANG_WARN_RANGE_LOOP_ANALYSIS = YES;
				CLANG_WARN_STRICT_PROTOTYPES = YES;
				CLANG_WARN_SUSPICIOUS_MOVE = YES;
				CLANG_WARN_UNGUARDED_AVAILABILITY = YES_AGGRESSIVE;
				CLANG_WARN_UNREACHABLE_CODE = YES;
				CLANG_WARN__DUPLICATE_METHOD_MATCH = YES;
				COPY_PHASE_STRIP = NO;
				DEBUG_INFORMATION_FORMAT = dwarf;
				ENABLE_STRICT_OBJC_MSGSEND = YES;
				ENABLE_TESTABILITY = YES;
				GCC_C_LANGUAGE_STANDARD = gnu11;
				GCC_DYNAMIC_NO_PIC = NO;
				GCC_NO_COMMON_BLOCKS = YES;
				GCC_OPTIMIZATION_LEVEL = 0;
				GCC_PREPROCESSOR_DEFINITIONS = (
					"DEBUG=1",
					"$(inherited)",
				);
				GCC_WARN_64_TO_32_BIT_CONVERSION = YES;
				GCC_WARN_ABOUT_RETURN_TYPE = YES_ERROR;
				GCC_WARN_UNDECLARED_SELECTOR = YES;
				GCC_WARN_UNINITIALIZED_AUTOS = YES_AGGRESSIVE;
				GCC_WARN_UNUSED_FUNCTION = YES;
				GCC_WARN_UNUSED_VARIABLE = YES;
				IPHONEOS_DEPLOYMENT_TARGET = 13.2;
				MTL_ENABLE_DEBUG_INFO = INCLUDE_SOURCE;
				MTL_FAST_MATH = YES;
				ONLY_ACTIVE_ARCH = YES;
				SDKROOT = iphoneos;
				SWIFT_ACTIVE_COMPILATION_CONDITIONS = DEBUG;
				SWIFT_OPTIMIZATION_LEVEL = "-Onone";
			};
			name = Debug;
		};
		13E93CF023EDF9E800A2081F /* Release */ = {
			isa = XCBuildConfiguration;
			buildSettings = {
				ALWAYS_SEARCH_USER_PATHS = NO;
				CLANG_ANALYZER_NONNULL = YES;
				CLANG_ANALYZER_NUMBER_OBJECT_CONVERSION = YES_AGGRESSIVE;
				CLANG_CXX_LANGUAGE_STANDARD = "gnu++14";
				CLANG_CXX_LIBRARY = "libc++";
				CLANG_ENABLE_MODULES = YES;
				CLANG_ENABLE_OBJC_ARC = YES;
				CLANG_ENABLE_OBJC_WEAK = YES;
				CLANG_WARN_BLOCK_CAPTURE_AUTORELEASING = YES;
				CLANG_WARN_BOOL_CONVERSION = YES;
				CLANG_WARN_COMMA = YES;
				CLANG_WARN_CONSTANT_CONVERSION = YES;
				CLANG_WARN_DEPRECATED_OBJC_IMPLEMENTATIONS = YES;
				CLANG_WARN_DIRECT_OBJC_ISA_USAGE = YES_ERROR;
				CLANG_WARN_DOCUMENTATION_COMMENTS = YES;
				CLANG_WARN_EMPTY_BODY = YES;
				CLANG_WARN_ENUM_CONVERSION = YES;
				CLANG_WARN_INFINITE_RECURSION = YES;
				CLANG_WARN_INT_CONVERSION = YES;
				CLANG_WARN_NON_LITERAL_NULL_CONVERSION = YES;
				CLANG_WARN_OBJC_IMPLICIT_RETAIN_SELF = YES;
				CLANG_WARN_OBJC_LITERAL_CONVERSION = YES;
				CLANG_WARN_OBJC_ROOT_CLASS = YES_ERROR;
				CLANG_WARN_RANGE_LOOP_ANALYSIS = YES;
				CLANG_WARN_STRICT_PROTOTYPES = YES;
				CLANG_WARN_SUSPICIOUS_MOVE = YES;
				CLANG_WARN_UNGUARDED_AVAILABILITY = YES_AGGRESSIVE;
				CLANG_WARN_UNREACHABLE_CODE = YES;
				CLANG_WARN__DUPLICATE_METHOD_MATCH = YES;
				COPY_PHASE_STRIP = NO;
				DEBUG_INFORMATION_FORMAT = "dwarf-with-dsym";
				ENABLE_NS_ASSERTIONS = NO;
				ENABLE_STRICT_OBJC_MSGSEND = YES;
				GCC_C_LANGUAGE_STANDARD = gnu11;
				GCC_NO_COMMON_BLOCKS = YES;
				GCC_WARN_64_TO_32_BIT_CONVERSION = YES;
				GCC_WARN_ABOUT_RETURN_TYPE = YES_ERROR;
				GCC_WARN_UNDECLARED_SELECTOR = YES;
				GCC_WARN_UNINITIALIZED_AUTOS = YES_AGGRESSIVE;
				GCC_WARN_UNUSED_FUNCTION = YES;
				GCC_WARN_UNUSED_VARIABLE = YES;
				IPHONEOS_DEPLOYMENT_TARGET = 13.2;
				MTL_ENABLE_DEBUG_INFO = NO;
				MTL_FAST_MATH = YES;
				SDKROOT = iphoneos;
				SWIFT_COMPILATION_MODE = wholemodule;
				SWIFT_OPTIMIZATION_LEVEL = "-O";
				VALIDATE_PRODUCT = YES;
			};
			name = Release;
		};
		13E93CF223EDF9E800A2081F /* Debug */ = {
			isa = XCBuildConfiguration;
			buildSettings = {
				ASSETCATALOG_COMPILER_APPICON_NAME = AppIcon;
				CODE_SIGN_STYLE = Automatic;
				INFOPLIST_FILE = Project5/Info.plist;
				LD_RUNPATH_SEARCH_PATHS = (
					"$(inherited)",
					"@executable_path/Frameworks",
				);
				PRODUCT_BUNDLE_IDENTIFIER = Yilisam.Project5;
				PRODUCT_NAME = "$(TARGET_NAME)";
				SWIFT_VERSION = 5.0;
				TARGETED_DEVICE_FAMILY = 1;
			};
			name = Debug;
		};
		13E93CF323EDF9E800A2081F /* Release */ = {
			isa = XCBuildConfiguration;
			buildSettings = {
				ASSETCATALOG_COMPILER_APPICON_NAME = AppIcon;
				CODE_SIGN_STYLE = Automatic;
				INFOPLIST_FILE = Project5/Info.plist;
				LD_RUNPATH_SEARCH_PATHS = (
					"$(inherited)",
					"@executable_path/Frameworks",
				);
				PRODUCT_BUNDLE_IDENTIFIER = Yilisam.Project5;
				PRODUCT_NAME = "$(TARGET_NAME)";
				SWIFT_VERSION = 5.0;
				TARGETED_DEVICE_FAMILY = 1;
			};
			name = Release;
		};
/* End XCBuildConfiguration section */

/* Begin XCConfigurationList section */
		13E93CD823EDF9E500A2081F /* Build configuration list for PBXProject "Project5" */ = {
			isa = XCConfigurationList;
			buildConfigurations = (
				13E93CEF23EDF9E800A2081F /* Debug */,
				13E93CF023EDF9E800A2081F /* Release */,
			);
			defaultConfigurationIsVisible = 0;
			defaultConfigurationName = Release;
		};
		13E93CF123EDF9E800A2081F /* Build configuration list for PBXNativeTarget "Project5" */ = {
			isa = XCConfigurationList;
			buildConfigurations = (
				13E93CF223EDF9E800A2081F /* Debug */,
				13E93CF323EDF9E800A2081F /* Release */,
			);
			defaultConfigurationIsVisible = 0;
			defaultConfigurationName = Release;
		};
/* End XCConfigurationList section */
	};
	rootObject = 13E93CD523EDF9E500A2081F /* Project object */;
}
